
Microsoft Visual Studio Solution File, Format Version 12.00
# Visual Studio Version 17
VisualStudioVersion = 17.0.31903.59
MinimumVisualStudioVersion = 10.0.40219.1
Project("{FAE04EC0-301F-11D3-BF4B-00C04F79EFBC}") = "number_triangle", "number_triangle\number_triangle.csproj", "{DAAEAA18-5CE8-4AB3-B9AC-371E20909C9A}"
EndProject
Global
	GlobalSection(SolutionConfigurationPlatforms) = preSolution
		Debug|Any CPU = Debug|Any CPU
		Release|Any CPU = Release|Any CPU
	EndGlobalSection
	GlobalSection(SolutionProperties) = preSolution
		HideSolutionNode = FALSE
	EndGlobalSection
	GlobalSection(ProjectConfigurationPlatforms) = postSolution
		{DAAEAA18-5CE8-4AB3-B9AC-371E20909C9A}.Debug|Any CPU.ActiveCfg = Debug|Any CPU
		{DAAEAA18-5CE8-4AB3-B9AC-371E20909C9A}.Debug|Any CPU.Build.0 = Debug|Any CPU
		{DAAEAA18-5CE8-4AB3-B9AC-371E20909C9A}.Release|Any CPU.ActiveCfg = Release|Any CPU
		{DAAEAA18-5CE8-4AB3-B9AC-371E20909C9A}.Release|Any CPU.Build.0 = Release|Any CPU
	EndGlobalSection
EndGlobal
